{
  "name": "chil-monorepo",
  "version": "0.0.0",
  "lockfileVersion": 3,
  "requires": true,
  "packages": {
    "": {
      "name": "chil-monorepo",
      "version": "0.0.0",
      "license": "MIT",
      "workspaces": [
        "packages/*"
      ],
      "devDependencies": {
        "@types/node": "^22.10.2",
        "@types/react": "^19.2.17",
        "react": "^19.2.8",
        "typescript": "^5.7.2"
      }
    },
    "node_modules/@chiljs/client": {
      "resolved": "packages/client",
      "link": true
    },
    "node_modules/@chiljs/core": {
      "resolved": "packages/core",
      "link": true
    },
    "node_modules/@chiljs/crypto": {
      "resolved": "packages/crypto",
      "link": true
    },
    "node_modules/@chiljs/react": {
      "resolved": "packages/react",
      "link": true
    },
    "node_modules/@chiljs/server": {
      "resolved": "packages/server",
      "link": true
    },
    "node_modules/@types/node": {
      "version": "22.20.1",
      "dev": true,
      "license": "MIT",
      "dependencies": {
        "undici-types": "~6.21.0"
      }
    },
    "node_modules/@types/react": {
      "version": "19.2.18",
      "dev": true,
      "license": "MIT",
      "dependencies": {
        "csstype": "^3.2.2"
      }
    },
    "node_modules/csstype": {
      "version": "3.2.3",
      "dev": true,
      "license": "MIT"
    },
    "node_modules/react": {
      "version": "19.2.8",
      "license": "MIT",
      "peer": true,
      "engines": {
        "node": ">=0.10.0"
      }
    },
    "node_modules/typescript": {
      "version": "5.9.3",
      "dev": true,
      "license": "Apache-2.0",
      "bin": {
        "tsc": "bin/tsc",
        "tsserver": "bin/tsserver"
      },
      "engines": {
        "node": ">=14.17"
      }
    },
    "node_modules/undici-types": {
      "version": "6.21.0",
      "dev": true,
      "license": "MIT"
    },
    "packages/client": {
      "name": "@chiljs/client",
      "version": "0.1.1",
      "license": "MIT",
      "dependencies": {
        "@chiljs/core": "0.1.1"
      },
      "engines": {
        "node": ">=20"
      }
    },
    "packages/core": {
      "name": "@chiljs/core",
      "version": "0.1.1",
      "license": "MIT",
      "engines": {
        "node": ">=20"
      }
    },
    "packages/crypto": {
      "name": "@chiljs/crypto",
      "version": "0.1.1",
      "license": "MIT",
      "engines": {
        "node": ">=20"
      }
    },
    "packages/react": {
      "name": "@chiljs/react",
      "version": "0.1.1",
      "license": "MIT",
      "dependencies": {
        "@chiljs/client": "0.1.1"
      },
      "engines": {
        "node": ">=20"
      },
      "peerDependencies": {
        "react": ">=18"
      }
    },
    "packages/server": {
      "name": "@chiljs/server",
      "version": "0.1.1",
      "license": "MIT",
      "dependencies": {
        "@chiljs/core": "0.1.1"
      },
      "engines": {
        "node": ">=20"
      }
    }
  }
}
